// !$*UTF8*$!
{
	archiveVersion = 1;
	classes = {
	};
	objectVersion = 46;
	objects = {

/* Begin PBXBuildFile section */
		55E714E11A102039009F0E7B /* AppDelegate.swift in Sources */ = {isa = PBXBuildFile; fileRef = 55E714E01A102039009F0E7B /* AppDelegate.swift */; };
		55E714E31A102039009F0E7B /* ViewController.swift in Sources */ = {isa = PBXBuildFile; fileRef = 55E714E21A102039009F0E7B /* ViewController.swift */; };
		55E714E61A102039009F0E7B /* Main.storyboard in Resources */ = {isa = PBXBuildFile; fileRef = 55E714E41A102039009F0E7B /* Main.storyboard */; };
		55E714E81A102039009F0E7B /* Images.xcassets in Resources */ = {isa = PBXBuildFile; fileRef = 55E714E71A102039009F0E7B /* Images.xcassets */; };
		55E714EB1A102039009F0E7B /* LaunchScreen.xib in Resources */ = {isa = PBXBuildFile; fileRef = 55E714E91A102039009F0E7B /* LaunchScreen.xib */; };
		55E714F71A102039009F0E7B /* Dog_YearsTests.swift in Sources */ = {isa = PBXBuildFile; fileRef = 55E714F61A102039009F0E7B /* Dog_YearsTests.swift */; };
		55E715011A102066009F0E7B /* AgeOfLaika.jpg in Resources */ = {isa = PBXBuildFile; fileRef = 55E715001A102066009F0E7B /* AgeOfLaika.jpg */; };
/* End PBXBuildFile section */

/* Begin PBXContainerItemProxy section */
		55E714F11A102039009F0E7B /* PBXContainerItemProxy */ = {
			isa = PBXContainerItemProxy;
			containerPortal = 55E714D31A102039009F0E7B /* Project object */;
			proxyType = 1;
			remoteGlobalIDString = 55E714DA1A102039009F0E7B;
			remoteInfo = "Dog Years";
		};
/* End PBXContainerItemProxy section */

/* Begin PBXFileReference section */
		55E714DB1A102039009F0E7B /* Dog Years.app */ = {isa = PBXFileReference; explicitFileType = wrapper.application; includeInIndex = 0; path = "Dog Years.app"; sourceTree = BUILT_PRODUCTS_DIR; };
		55E714DF1A102039009F0E7B /* Info.plist */ = {isa = PBXFileReference; lastKnownFileType = text.plist.xml; path = Info.plist; sourceTree = "<group>"; };
		55E714E01A102039009F0E7B /* AppDelegate.swift */ = {isa = PBXFileReference; lastKnownFileType = sourcecode.swift; path = AppDelegate.swift; sourceTree = "<group>"; };
		55E714E21A102039009F0E7B /* ViewController.swift */ = {isa = PBXFileReference; lastKnownFileType = sourcecode.swift; path = ViewController.swift; sourceTree = "<group>"; };
		55E714E51A102039009F0E7B /* Base */ = {isa = PBXFileReference; lastKnownFileType = file.storyboard; name = Base; path = Base.lproj/Main.storyboard; sourceTree = "<group>"; };
		55E714E71A102039009F0E7B /* Images.xcassets */ = {isa = PBXFileReference; lastKnownFileType = folder.assetcatalog; path = Images.xcassets; sourceTree = "<group>"; };
		55E714EA1A102039009F0E7B /* Base */ = {isa = PBXFileReference; lastKnownFileType = file.xib; name = Base; path = Base.lproj/LaunchScreen.xib; sourceTree = "<group>"; };
		55E714F01A102039009F0E7B /* Dog YearsTests.xctest */ = {isa = PBXFileReference; explicitFileType = wrapper.cfbundle; includeInIndex = 0; path = "Dog YearsTests.xctest"; sourceTree = BUILT_PRODUCTS_DIR; };
		55E714F51A102039009F0E7B /* Info.plist */ = {isa = PBXFileReference; lastKnownFileType = text.plist.xml; path = Info.plist; sourceTree = "<group>"; };
		55E714F61A102039009F0E7B /* Dog_YearsTests.swift */ = {isa = PBXFileReference; lastKnownFileType = sourcecode.swift; path = Dog_YearsTests.swift; sourceTree = "<group>"; };
		55E715001A102066009F0E7B /* AgeOfLaika.jpg */ = {isa = PBXFileReference; lastKnownFileType = image.jpeg; path = AgeOfLaika.jpg; sourceTree = "<group>"; };
/* End PBXFileReference section */

/* Begin PBXFrameworksBuildPhase section */
		55E714D81A102039009F0E7B /* Frameworks */ = {
			isa = PBXFrameworksBuildPhase;
			buildActionMask = 2147483647;
			files = (
			);
			runOnlyForDeploymentPostprocessing = 0;
		};
		55E714ED1A102039009F0E7B /* Frameworks */ = {
			isa = PBXFrameworksBuildPhase;
			buildActionMask = 2147483647;
			files = (
			);
			runOnlyForDeploymentPostprocessing = 0;
		};
/* End PBXFrameworksBuildPhase section */

/* Begin PBXGroup section */
		55E714D21A102039009F0E7B = {
			isa = PBXGroup;
			children = (
				55E714DD1A102039009F0E7B /* Dog Years */,
				55E714F31A102039009F0E7B /* Dog YearsTests */,
				55E714DC1A102039009F0E7B /* Products */,
			);
			sourceTree = "<group>";
		};
		55E714DC1A102039009F0E7B /* Products */ = {
			isa = PBXGroup;
			children = (
				55E714DB1A102039009F0E7B /* Dog Years.app */,
				55E714F01A102039009F0E7B /* Dog YearsTests.xctest */,
			);
			name = Products;
			sourceTree = "<group>";
		};
		55E714DD1A102039009F0E7B /* Dog Years */ = {
			isa = PBXGroup;
			children = (
				55E714E01A102039009F0E7B /* AppDelegate.swift */,
				55E714E21A102039009F0E7B /* ViewController.swift */,
				55E714E41A102039009F0E7B /* Main.storyboard */,
				55E714E71A102039009F0E7B /* Images.xcassets */,
				55E714E91A102039009F0E7B /* LaunchScreen.xib */,
				55E714DE1A102039009F0E7B /* Supporting Files */,
			);
			path = "Dog Years";
			sourceTree = "<group>";
		};
		55E714DE1A102039009F0E7B /* Supporting Files */ = {
			isa = PBXGroup;
			children = (
				55E715001A102066009F0E7B /* AgeOfLaika.jpg */,
				55E714DF1A102039009F0E7B /* Info.plist */,
			);
			name = "Supporting Files";
			sourceTree = "<group>";
		};
		55E714F31A102039009F0E7B /* Dog YearsTests */ = {
			isa = PBXGroup;
			children = (
				55E714F61A102039009F0E7B /* Dog_YearsTests.swift */,
				55E714F41A102039009F0E7B /* Supporting Files */,
			);
			path = "Dog YearsTests";
			sourceTree = "<group>";
		};
		55E714F41A102039009F0E7B /* Supporting Files */ = {
			isa = PBXGroup;
			children = (
				55E714F51A102039009F0E7B /* Info.plist */,
			);
			name = "Supporting Files";
			sourceTree = "<group>";
		};
/* End PBXGroup section */

/* Begin PBXNativeTarget section */
		55E714DA1A102039009F0E7B /* Dog Years */ = {
			isa = PBXNativeTarget;
			buildConfigurationList = 55E714FA1A10203A009F0E7B /* Build configuration list for PBXNativeTarget "Dog Years" */;
			buildPhases = (
				55E714D71A102039009F0E7B /* Sources */,
				55E714D81A102039009F0E7B /* Frameworks */,
				55E714D91A102039009F0E7B /* Resources */,
			);
			buildRules = (
			);
			dependencies = (
			);
			name = "Dog Years";
			productName = "Dog Years";
			productReference = 55E714DB1A102039009F0E7B /* Dog Years.app */;
			productType = "com.apple.product-type.application";
		};
		55E714EF1A102039009F0E7B /* Dog YearsTests */ = {
			isa = PBXNativeTarget;
			buildConfigurationList = 55E714FD1A10203A009F0E7B /* Build configuration list for PBXNativeTarget "Dog YearsTests" */;
			buildPhases = (
				55E714EC1A102039009F0E7B /* Sources */,
				55E714ED1A102039009F0E7B /* Frameworks */,
				55E714EE1A102039009F0E7B /* Resources */,
			);
			buildRules = (
			);
			dependencies = (
				55E714F21A102039009F0E7B /* PBXTargetDependency */,
			);
			name = "Dog YearsTests";
			productName = "Dog YearsTests";
			productReference = 55E714F01A102039009F0E7B /* Dog YearsTests.xctest */;
			productType = "com.apple.product-type.bundle.unit-test";
		};
/* End PBXNativeTarget section */

/* Begin PBXProject section */
		55E714D31A102039009F0E7B /* Project object */ = {
			isa = PBXProject;
			attributes = {
				LastUpgradeCheck = 0610;
				ORGANIZATIONNAME = "David Grevink";
				TargetAttributes = {
					55E714DA1A102039009F0E7B = {
						CreatedOnToolsVersion = 6.1;
					};
					55E714EF1A102039009F0E7B = {
						CreatedOnToolsVersion = 6.1;
						TestTargetID = 55E714DA1A102039009F0E7B;
					};
				};
			};
			buildConfigurationList = 55E714D61A102039009F0E7B /* Build configuration list for PBXProject "Dog Years" */;
			compatibilityVersion = "Xcode 3.2";
			developmentRegion = English;
			hasScannedForEncodings = 0;
			knownRegions = (
				en,
				Base,
			);
			mainGroup = 55E714D21A102039009F0E7B;
			productRefGroup = 55E714DC1A102039009F0E7B /* Products */;
			projectDirPath = "";
			projectRoot = "";
			targets = (
				55E714DA1A102039009F0E7B /* Dog Years */,
				55E714EF1A102039009F0E7B /* Dog YearsTests */,
			);
		};
/* End PBXProject section */

/* Begin PBXResourcesBuildPhase section */
		55E714D91A102039009F0E7B /* Resources */ = {
			isa = PBXResourcesBuildPhase;
			buildActionMask = 2147483647;
			files = (
				55E714E61A102039009F0E7B /* Main.storyboard in Resources */,
				55E715011A102066009F0E7B /* AgeOfLaika.jpg in Resources */,
				55E714EB1A102039009F0E7B /* LaunchScreen.xib in Resources */,
				55E714E81A102039009F0E7B /* Images.xcassets in Resources */,
			);
			runOnlyForDeploymentPostprocessing = 0;
		};
		55E714EE1A102039009F0E7B /* Resources */ = {
			isa = PBXResourcesBuildPhase;
			buildActionMask = 2147483647;
			files = (
			);
			runOnlyForDeploymentPostprocessing = 0;
		};
/* End PBXResourcesBuildPhase section */

/* Begin PBXSourcesBuildPhase section */
		55E714D71A102039009F0E7B /* Sources */ = {
			isa = PBXSourcesBuildPhase;
			buildActionMask = 2147483647;
			files = (
				55E714E31A102039009F0E7B /* ViewController.swift in Sources */,
				55E714E11A102039009F0E7B /* AppDelegate.swift in Sources */,
			);
			runOnlyForDeploymentPostprocessing = 0;
		};
		55E714EC1A102039009F0E7B /* Sources */ = {
			isa = PBXSourcesBuildPhase;
			buildActionMask = 2147483647;
			files = (
				55E714F71A102039009F0E7B /* Dog_YearsTests.swift in Sources */,
			);
			runOnlyForDeploymentPostprocessing = 0;
		};
/* End PBXSourcesBuildPhase section */

/* Begin PBXTargetDependency section */
		55E714F21A102039009F0E7B /* PBXTargetDependency */ = {
			isa = PBXTargetDependency;
			target = 55E714DA1A102039009F0E7B /* Dog Years */;
			targetProxy = 55E714F11A102039009F0E7B /* PBXContainerItemProxy */;
		};
/* End PBXTargetDependency section */

/* Begin PBXVariantGroup section */
		55E714E41A102039009F0E7B /* Main.storyboard */ = {
			isa = PBXVariantGroup;
			children = (
				55E714E51A102039009F0E7B /* Base */,
			);
			name = Main.storyboard;
			sourceTree = "<group>";
		};
		55E714E91A102039009F0E7B /* LaunchScreen.xib */ = {
			isa = PBXVariantGroup;
			children = (
				55E714EA1A102039009F0E7B /* Base */,
			);
			name = LaunchScreen.xib;
			sourceTree = "<group>";
		};
/* End PBXVariantGroup section */

/* Begin XCBuildConfiguration section */
		55E714F81A102039009F0E7B /* Debug */ = {
			isa = XCBuildConfiguration;
			buildSettings = {
				ALWAYS_SEARCH_USER_PATHS = NO;
				CLANG_CXX_LANGUAGE_STANDARD = "gnu++0x";
				CLANG_CXX_LIBRARY = "libc++";
				CLANG_ENABLE_MODULES = YES;
				CLANG_ENABLE_OBJC_ARC = YES;
				CLANG_WARN_BOOL_CONVERSION = YES;
				CLANG_WARN_CONSTANT_CONVERSION = YES;
				CLANG_WARN_DIRECT_OBJC_ISA_USAGE = YES_ERROR;
				CLANG_WARN_EMPTY_BODY = YES;
				CLANG_WARN_ENUM_CONVERSION = YES;
				CLANG_WARN_INT_CONVERSION = YES;
				CLANG_WARN_OBJC_ROOT_CLASS = YES_ERROR;
				CLANG_WARN_UNREACHABLE_CODE = YES;
				CLANG_WARN__DUPLICATE_METHOD_MATCH = YES;
				"CODE_SIGN_IDENTITY[sdk=iphoneos*]" = "iPhone Developer";
				COPY_PHASE_STRIP = NO;
				ENABLE_STRICT_OBJC_MSGSEND = YES;
				GCC_C_LANGUAGE_STANDARD = gnu99;
				GCC_DYNAMIC_NO_PIC = NO;
				GCC_OPTIMIZATION_LEVEL = 0;
				GCC_PREPROCESSOR_DEFINITIONS = (
					"DEBUG=1",
					"$(inherited)",
				);
				GCC_SYMBOLS_PRIVATE_EXTERN = NO;
				GCC_WARN_64_TO_32_BIT_CONVERSION = YES;
				GCC_WARN_ABOUT_RETURN_TYPE = YES_ERROR;
				GCC_WARN_UNDECLARED_SELECTOR = YES;
				GCC_WARN_UNINITIALIZED_AUTOS = YES_AGGRESSIVE;
				GCC_WARN_UNUSED_FUNCTION = YES;
				GCC_WARN_UNUSED_VARIABLE = YES;
				IPHONEOS_DEPLOYMENT_TARGET = 8.1;
				MTL_ENABLE_DEBUG_INFO = YES;
				ONLY_ACTIVE_ARCH = YES;
				SDKROOT = iphoneos;
				SWIFT_OPTIMIZATION_LEVEL = "-Onone";
				TARGETED_DEVICE_FAMILY = "1,2";
			};
			name = Debug;
		};
		55E714F91A102039009F0E7B /* Release */ = {
			isa = XCBuildConfiguration;
			buildSettings = {
				ALWAYS_SEARCH_USER_PATHS = NO;
				CLANG_CXX_LANGUAGE_STANDARD = "gnu++0x";
				CLANG_CXX_LIBRARY = "libc++";
				CLANG_ENABLE_MODULES = YES;
				CLANG_ENABLE_OBJC_ARC = YES;
				CLANG_WARN_BOOL_CONVERSION = YES;
				CLANG_WARN_CONSTANT_CONVERSION = YES;
				CLANG_WARN_DIRECT_OBJC_ISA_USAGE = YES_ERROR;
				CLANG_WARN_EMPTY_BODY = YES;
				CLANG_WARN_ENUM_CONVERSION = YES;
				CLANG_WARN_INT_CONVERSION = YES;
				CLANG_WARN_OBJC_ROOT_CLASS = YES_ERROR;
				CLANG_WARN_UNREACHABLE_CODE = YES;
				CLANG_WARN__DUPLICATE_METHOD_MATCH = YES;
				"CODE_SIGN_IDENTITY[sdk=iphoneos*]" = "iPhone Developer";
				COPY_PHASE_STRIP = YES;
				ENABLE_NS_ASSERTIONS = NO;
				ENABLE_STRICT_OBJC_MSGSEND = YES;
				GCC_C_LANGUAGE_STANDARD = gnu99;
				GCC_WARN_64_TO_32_BIT_CONVERSION = YES;
				GCC_WARN_ABOUT_RETURN_TYPE = YES_ERROR;
				GCC_WARN_UNDECLARED_SELECTOR = YES;
				GCC_WARN_UNINITIALIZED_AUTOS = YES_AGGRESSIVE;
				GCC_WARN_UNUSED_FUNCTION = YES;
				GCC_WARN_UNUSED_VARIABLE = YES;
				IPHONEOS_DEPLOYMENT_TARGET = 8.1;
				MTL_ENABLE_DEBUG_INFO = NO;
				SDKROOT = iphoneos;
				TARGETED_DEVICE_FAMILY = "1,2";
				VALIDATE_PRODUCT = YES;
			};
			name = Release;
		};
		55E714FB1A10203A009F0E7B /* Debug */ = {
			isa = XCBuildConfiguration;
			buildSettings = {
				ASSETCATALOG_COMPILER_APPICON_NAME = AppIcon;
				INFOPLIST_FILE = "Dog Years/Info.plist";
				LD_RUNPATH_SEARCH_PATHS = "$(inherited) @executable_path/Frameworks";
				PRODUCT_NAME = "$(TARGET_NAME)";
			};
			name = Debug;
		};
		55E714FC1A10203A009F0E7B /* Release */ = {
			isa = XCBuildConfiguration;
			buildSettings = {
				ASSETCATALOG_COMPILER_APPICON_NAME = AppIcon;
				INFOPLIST_FILE = "Dog Years/Info.plist";
				LD_RUNPATH_SEARCH_PATHS = "$(inherited) @executable_path/Frameworks";
				PRODUCT_NAME = "$(TARGET_NAME)";
			};
			name = Release;
		};
		55E714FE1A10203A009F0E7B /* Debug */ = {
			isa = XCBuildConfiguration;
			buildSettings = {
				BUNDLE_LOADER = "$(TEST_HOST)";
				FRAMEWORK_SEARCH_PATHS = (
					"$(SDKROOT)/Developer/Library/Frameworks",
					"$(inherited)",
				);
				GCC_PREPROCESSOR_DEFINITIONS = (
					"DEBUG=1",
					"$(inherited)",
				);
				INFOPLIST_FILE = "Dog YearsTests/Info.plist";
				LD_RUNPATH_SEARCH_PATHS = "$(inherited) @executable_path/Frameworks @loader_path/Frameworks";
				PRODUCT_NAME = "$(TARGET_NAME)";
				TEST_HOST = "$(BUILT_PRODUCTS_DIR)/Dog Years.app/Dog Years";
			};
			name = Debug;
		};
		55E714FF1A10203A009F0E7B /* Release */ = {
			isa = XCBuildConfiguration;
			buildSettings = {
				BUNDLE_LOADER = "$(TEST_HOST)";
				FRAMEWORK_SEARCH_PATHS = (
					"$(SDKROOT)/Developer/Library/Frameworks",
					"$(inherited)",
				);
				INFOPLIST_FILE = "Dog YearsTests/Info.plist";
				LD_RUNPATH_SEARCH_PATHS = "$(inherited) @executable_path/Frameworks @loader_path/Frameworks";
				PRODUCT_NAME = "$(TARGET_NAME)";
				TEST_HOST = "$(BUILT_PRODUCTS_DIR)/Dog Years.app/Dog Years";
			};
			name = Release;
		};
/* End XCBuildConfiguration section */

/* Begin XCConfigurationList section */
		55E714D61A102039009F0E7B /* Build configuration list for PBXProject "Dog Years" */ = {
			isa = XCConfigurationList;
			buildConfigurations = (
				55E714F81A102039009F0E7B /* Debug */,
				55E714F91A102039009F0E7B /* Release */,
			);
			defaultConfigurationIsVisible = 0;
			defaultConfigurationName = Release;
		};
		55E714FA1A10203A009F0E7B /* Build configuration list for PBXNativeTarget "Dog Years" */ = {
			isa = XCConfigurationList;
			buildConfigurations = (
				55E714FB1A10203A009F0E7B /* Debug */,
				55E714FC1A10203A009F0E7B /* Release */,
			);
			defaultConfigurationIsVisible = 0;
		};
		55E714FD1A10203A009F0E7B /* Build configuration list for PBXNativeTarget "Dog YearsTests" */ = {
			isa = XCConfigurationList;
			buildConfigurations = (
				55E714FE1A10203A009F0E7B /* Debug */,
				55E714FF1A10203A009F0E7B /* Release */,
			);
			defaultConfigurationIsVisible = 0;
		};
/* End XCConfigurationList section */
	};
	rootObject = 55E714D31A102039009F0E7B /* Project object */;
}
